
Microsoft Visual Studio Solution File, Format Version 12.00
# Visual Studio Version 16
VisualStudioVersion = 16.0.30128.74
MinimumVisualStudioVersion = 10.0.40219.1
Project("{9A19103F-16F7-4668-BE54-9A1E7A4F7556}") = "cz.Api.Order", "cz.Api.Order\cz.Api.Order.csproj", "{8DEED397-DEEF-4984-B204-68C231CF26AF}"
EndProject
Project("{9A19103F-16F7-4668-BE54-9A1E7A4F7556}") = "cz.Api.Goods", "cz.Api.Goods\cz.Api.Goods.csproj", "{7AC0AF41-1211-42AE-B14F-4A338A92D74A}"
EndProject
Project("{9A19103F-16F7-4668-BE54-9A1E7A4F7556}") = "cz.IdentityServer", "cz.IdentityServer\cz.IdentityServer.csproj", "{2965CFE8-5474-49E1-8E00-6E785CFF3C55}"
EndProject
Project("{2150E333-8FDC-42A3-9474-1A3956D46DE8}") = "Client", "Client", "{B44D58DC-F207-48E7-8858-96A719EAA434}"
EndProject
Project("{2150E333-8FDC-42A3-9474-1A3956D46DE8}") = "Apis", "Apis", "{C118ECC8-4C08-4C4E-94A0-AD9E97D3B6E4}"
EndProject
Project("{9A19103F-16F7-4668-BE54-9A1E7A4F7556}") = "cz.ConsoleClient", "ConsoleClient\cz.ConsoleClient.csproj", "{5EBE7A96-F3AE-4D2A-88ED-22A9A96E4414}"
EndProject
Project("{9A19103F-16F7-4668-BE54-9A1E7A4F7556}") = "cz.MVCClient", "cz.MVCClient\cz.MVCClient.csproj", "{F76CD756-C0A3-4FAB-8181-379DD041A9D0}"
EndProject
Project("{9A19103F-16F7-4668-BE54-9A1E7A4F7556}") = "cz.OrderClient", "cz.OrderClient\cz.OrderClient.csproj", "{C58567E9-D440-4136-9EC4-0627AADD36D4}"
EndProject
Project("{9A19103F-16F7-4668-BE54-9A1E7A4F7556}") = "cz.GoodClient", "cz.GoodClient\cz.GoodClient.csproj", "{9530FF16-CC1F-4DFD-A5BF-B9C913CD8A87}"
EndProject
Project("{E53339B2-1760-4266-BCC7-CA923CBCF16C}") = "docker-compose", "docker-compose.dcproj", "{1BD94FDE-443A-4257-BB2D-878645A9050C}"
EndProject
Global
	GlobalSection(SolutionConfigurationPlatforms) = preSolution
		Debug|Any CPU = Debug|Any CPU
		Release|Any CPU = Release|Any CPU
	EndGlobalSection
	GlobalSection(ProjectConfigurationPlatforms) = postSolution
		{8DEED397-DEEF-4984-B204-68C231CF26AF}.Debug|Any CPU.ActiveCfg = Debug|Any CPU
		{8DEED397-DEEF-4984-B204-68C231CF26AF}.Debug|Any CPU.Build.0 = Debug|Any CPU
		{8DEED397-DEEF-4984-B204-68C231CF26AF}.Release|Any CPU.ActiveCfg = Release|Any CPU
		{8DEED397-DEEF-4984-B204-68C231CF26AF}.Release|Any CPU.Build.0 = Release|Any CPU
		{7AC0AF41-1211-42AE-B14F-4A338A92D74A}.Debug|Any CPU.ActiveCfg = Debug|Any CPU
		{7AC0AF41-1211-42AE-B14F-4A338A92D74A}.Debug|Any CPU.Build.0 = Debug|Any CPU
		{7AC0AF41-1211-42AE-B14F-4A338A92D74A}.Release|Any CPU.ActiveCfg = Release|Any CPU
		{7AC0AF41-1211-42AE-B14F-4A338A92D74A}.Release|Any CPU.Build.0 = Release|Any CPU
		{2965CFE8-5474-49E1-8E00-6E785CFF3C55}.Debug|Any CPU.ActiveCfg = Debug|Any CPU
		{2965CFE8-5474-49E1-8E00-6E785CFF3C55}.Debug|Any CPU.Build.0 = Debug|Any CPU
		{2965CFE8-5474-49E1-8E00-6E785CFF3C55}.Release|Any CPU.ActiveCfg = Release|Any CPU
		{2965CFE8-5474-49E1-8E00-6E785CFF3C55}.Release|Any CPU.Build.0 = Release|Any CPU
		{5EBE7A96-F3AE-4D2A-88ED-22A9A96E4414}.Debug|Any CPU.ActiveCfg = Debug|Any CPU
		{5EBE7A96-F3AE-4D2A-88ED-22A9A96E4414}.Debug|Any CPU.Build.0 = Debug|Any CPU
		{5EBE7A96-F3AE-4D2A-88ED-22A9A96E4414}.Release|Any CPU.ActiveCfg = Release|Any CPU
		{5EBE7A96-F3AE-4D2A-88ED-22A9A96E4414}.Release|Any CPU.Build.0 = Release|Any CPU
		{F76CD756-C0A3-4FAB-8181-379DD041A9D0}.Debug|Any CPU.ActiveCfg = Debug|Any CPU
		{F76CD756-C0A3-4FAB-8181-379DD041A9D0}.Debug|Any CPU.Build.0 = Debug|Any CPU
		{F76CD756-C0A3-4FAB-8181-379DD041A9D0}.Release|Any CPU.ActiveCfg = Release|Any CPU
		{F76CD756-C0A3-4FAB-8181-379DD041A9D0}.Release|Any CPU.Build.0 = Release|Any CPU
		{C58567E9-D440-4136-9EC4-0627AADD36D4}.Debug|Any CPU.ActiveCfg = Debug|Any CPU
		{C58567E9-D440-4136-9EC4-0627AADD36D4}.Debug|Any CPU.Build.0 = Debug|Any CPU
		{C58567E9-D440-4136-9EC4-0627AADD36D4}.Release|Any CPU.ActiveCfg = Release|Any CPU
		{C58567E9-D440-4136-9EC4-0627AADD36D4}.Release|Any CPU.Build.0 = Release|Any CPU
		{9530FF16-CC1F-4DFD-A5BF-B9C913CD8A87}.Debug|Any CPU.ActiveCfg = Debug|Any CPU
		{9530FF16-CC1F-4DFD-A5BF-B9C913CD8A87}.Debug|Any CPU.Build.0 = Debug|Any CPU
		{9530FF16-CC1F-4DFD-A5BF-B9C913CD8A87}.Release|Any CPU.ActiveCfg = Release|Any CPU
		{9530FF16-CC1F-4DFD-A5BF-B9C913CD8A87}.Release|Any CPU.Build.0 = Release|Any CPU
		{1BD94FDE-443A-4257-BB2D-878645A9050C}.Debug|Any CPU.ActiveCfg = Debug|Any CPU
		{1BD94FDE-443A-4257-BB2D-878645A9050C}.Debug|Any CPU.Build.0 = Debug|Any CPU
		{1BD94FDE-443A-4257-BB2D-878645A9050C}.Release|Any CPU.ActiveCfg = Release|Any CPU
		{1BD94FDE-443A-4257-BB2D-878645A9050C}.Release|Any CPU.Build.0 = Release|Any CPU
	EndGlobalSection
	GlobalSection(SolutionProperties) = preSolution
		HideSolutionNode = FALSE
	EndGlobalSection
	GlobalSection(NestedProjects) = preSolution
		{8DEED397-DEEF-4984-B204-68C231CF26AF} = {C118ECC8-4C08-4C4E-94A0-AD9E97D3B6E4}
		{7AC0AF41-1211-42AE-B14F-4A338A92D74A} = {C118ECC8-4C08-4C4E-94A0-AD9E97D3B6E4}
		{5EBE7A96-F3AE-4D2A-88ED-22A9A96E4414} = {B44D58DC-F207-48E7-8858-96A719EAA434}
		{F76CD756-C0A3-4FAB-8181-379DD041A9D0} = {B44D58DC-F207-48E7-8858-96A719EAA434}
		{C58567E9-D440-4136-9EC4-0627AADD36D4} = {B44D58DC-F207-48E7-8858-96A719EAA434}
		{9530FF16-CC1F-4DFD-A5BF-B9C913CD8A87} = {B44D58DC-F207-48E7-8858-96A719EAA434}
	EndGlobalSection
	GlobalSection(ExtensibilityGlobals) = postSolution
		SolutionGuid = {4E969209-A68C-4058-83D8-EE1D551F06EB}
	EndGlobalSection
EndGlobal
